// !$*UTF8*$!
{
	archiveVersion = 1;
	classes = {
	};
	objectVersion = 46;
	objects = {

/* Begin PBXBuildFile section */
		BF52C56C1A93F2260056EE66 /* AppDelegate.swift in Sources */ = {isa = PBXBuildFile; fileRef = BF52C56B1A93F2260056EE66 /* AppDelegate.swift */; };
		BF52C56F1A93F2260056EE66 /* VectorCalculator.xcdatamodeld in Sources */ = {isa = PBXBuildFile; fileRef = BF52C56D1A93F2260056EE66 /* VectorCalculator.xcdatamodeld */; };
		BF52C5711A93F2260056EE66 /* ViewController.swift in Sources */ = {isa = PBXBuildFile; fileRef = BF52C5701A93F2260056EE66 /* ViewController.swift */; };
		BF52C5741A93F2260056EE66 /* Main.storyboard in Resources */ = {isa = PBXBuildFile; fileRef = BF52C5721A93F2260056EE66 /* Main.storyboard */; };
		BF52C5761A93F2260056EE66 /* Images.xcassets in Resources */ = {isa = PBXBuildFile; fileRef = BF52C5751A93F2260056EE66 /* Images.xcassets */; };
		BF52C5791A93F2260056EE66 /* LaunchScreen.xib in Resources */ = {isa = PBXBuildFile; fileRef = BF52C5771A93F2260056EE66 /* LaunchScreen.xib */; };
		BF52C5911A9418FD0056EE66 /* ViewController.swift in Sources */ = {isa = PBXBuildFile; fileRef = BF52C5701A93F2260056EE66 /* ViewController.swift */; };
		BF52C5921A94214F0056EE66 /* ValidateCoordinatesTest.swift in Sources */ = {isa = PBXBuildFile; fileRef = BF52C5841A93F2260056EE66 /* ValidateCoordinatesTest.swift */; };
		BF52C5961A9429280056EE66 /* VecorOperationsTest.swift in Sources */ = {isa = PBXBuildFile; fileRef = BF52C5951A9429280056EE66 /* VecorOperationsTest.swift */; };
		BF52C59A1A9431250056EE66 /* Vector.swift in Sources */ = {isa = PBXBuildFile; fileRef = BF52C5991A9431250056EE66 /* Vector.swift */; };
		BF52C59B1A9431510056EE66 /* Vector.swift in Sources */ = {isa = PBXBuildFile; fileRef = BF52C5991A9431250056EE66 /* Vector.swift */; };
		BF52C5EF1A9449E50056EE66 /* QuartzCore.framework in Frameworks */ = {isa = PBXBuildFile; fileRef = BF52C5EE1A9449E50056EE66 /* QuartzCore.framework */; };
		BFB7FAE41A96449E00C3172C /* GraphView.swift in Sources */ = {isa = PBXBuildFile; fileRef = BFB7FAE31A96449E00C3172C /* GraphView.swift */; };
		BFB7FAE71A964AA000C3172C /* CartesianGraphView.swift in Sources */ = {isa = PBXBuildFile; fileRef = BFB7FAE61A964AA000C3172C /* CartesianGraphView.swift */; };
/* End PBXBuildFile section */

/* Begin PBXContainerItemProxy section */
		BF52C57F1A93F2260056EE66 /* PBXContainerItemProxy */ = {
			isa = PBXContainerItemProxy;
			containerPortal = BF52C55E1A93F2260056EE66 /* Project object */;
			proxyType = 1;
			remoteGlobalIDString = BF52C5651A93F2260056EE66;
			remoteInfo = VectorCalculator;
		};
/* End PBXContainerItemProxy section */

/* Begin PBXFileReference section */
		BF52C5661A93F2260056EE66 /* VectorCalculator.app */ = {isa = PBXFileReference; explicitFileType = wrapper.application; includeInIndex = 0; path = VectorCalculator.app; sourceTree = BUILT_PRODUCTS_DIR; };
		BF52C56A1A93F2260056EE66 /* Info.plist */ = {isa = PBXFileReference; lastKnownFileType = text.plist.xml; path = Info.plist; sourceTree = "<group>"; };
		BF52C56B1A93F2260056EE66 /* AppDelegate.swift */ = {isa = PBXFileReference; lastKnownFileType = sourcecode.swift; path = AppDelegate.swift; sourceTree = "<group>"; };
		BF52C56E1A93F2260056EE66 /* VectorCalculator.xcdatamodel */ = {isa = PBXFileReference; lastKnownFileType = wrapper.xcdatamodel; path = VectorCalculator.xcdatamodel; sourceTree = "<group>"; };
		BF52C5701A93F2260056EE66 /* ViewController.swift */ = {isa = PBXFileReference; lastKnownFileType = sourcecode.swift; path = ViewController.swift; sourceTree = "<group>"; };
		BF52C5731A93F2260056EE66 /* Base */ = {isa = PBXFileReference; lastKnownFileType = file.storyboard; name = Base; path = Base.lproj/Main.storyboard; sourceTree = "<group>"; };
		BF52C5751A93F2260056EE66 /* Images.xcassets */ = {isa = PBXFileReference; lastKnownFileType = folder.assetcatalog; path = Images.xcassets; sourceTree = "<group>"; };
		BF52C5781A93F2260056EE66 /* Base */ = {isa = PBXFileReference; lastKnownFileType = file.xib; name = Base; path = Base.lproj/LaunchScreen.xib; sourceTree = "<group>"; };
		BF52C57E1A93F2260056EE66 /* VectorCalculatorTests.xctest */ = {isa = PBXFileReference; explicitFileType = wrapper.cfbundle; includeInIndex = 0; path = VectorCalculatorTests.xctest; sourceTree = BUILT_PRODUCTS_DIR; };
		BF52C5831A93F2260056EE66 /* Info.plist */ = {isa = PBXFileReference; lastKnownFileType = text.plist.xml; path = Info.plist; sourceTree = "<group>"; };
		BF52C5841A93F2260056EE66 /* ValidateCoordinatesTest.swift */ = {isa = PBXFileReference; lastKnownFileType = sourcecode.swift; path = ValidateCoordinatesTest.swift; sourceTree = "<group>"; };
		BF52C5951A9429280056EE66 /* VecorOperationsTest.swift */ = {isa = PBXFileReference; fileEncoding = 4; lastKnownFileType = sourcecode.swift; path = VecorOperationsTest.swift; sourceTree = "<group>"; };
		BF52C5991A9431250056EE66 /* Vector.swift */ = {isa = PBXFileReference; fileEncoding = 4; lastKnownFileType = sourcecode.swift; path = Vector.swift; sourceTree = "<group>"; };
		BF52C5EE1A9449E50056EE66 /* QuartzCore.framework */ = {isa = PBXFileReference; lastKnownFileType = wrapper.framework; name = QuartzCore.framework; path = System/Library/Frameworks/QuartzCore.framework; sourceTree = SDKROOT; };
		BFB7FAE31A96449E00C3172C /* GraphView.swift */ = {isa = PBXFileReference; fileEncoding = 4; lastKnownFileType = sourcecode.swift; path = GraphView.swift; sourceTree = "<group>"; };
		BFB7FAE51A964A6400C3172C /* MyPlayground.playground */ = {isa = PBXFileReference; lastKnownFileType = file.playground; path = MyPlayground.playground; sourceTree = "<group>"; };
		BFB7FAE61A964AA000C3172C /* CartesianGraphView.swift */ = {isa = PBXFileReference; fileEncoding = 4; lastKnownFileType = sourcecode.swift; path = CartesianGraphView.swift; sourceTree = "<group>"; };
/* End PBXFileReference section */

/* Begin PBXFrameworksBuildPhase section */
		BF52C5631A93F2260056EE66 /* Frameworks */ = {
			isa = PBXFrameworksBuildPhase;
			buildActionMask = 2147483647;
			files = (
				BF52C5EF1A9449E50056EE66 /* QuartzCore.framework in Frameworks */,
			);
			runOnlyForDeploymentPostprocessing = 0;
		};
		BF52C57B1A93F2260056EE66 /* Frameworks */ = {
			isa = PBXFrameworksBuildPhase;
			buildActionMask = 2147483647;
			files = (
			);
			runOnlyForDeploymentPostprocessing = 0;
		};
/* End PBXFrameworksBuildPhase section */

/* Begin PBXGroup section */
		BF52C55D1A93F2260056EE66 = {
			isa = PBXGroup;
			children = (
				BF52C5681A93F2260056EE66 /* VectorCalculator */,
				BF52C5811A93F2260056EE66 /* VectorCalculatorTests */,
				BF52C5EE1A9449E50056EE66 /* QuartzCore.framework */,
				BF52C5671A93F2260056EE66 /* Products */,
			);
			sourceTree = "<group>";
		};
		BF52C5671A93F2260056EE66 /* Products */ = {
			isa = PBXGroup;
			children = (
				BF52C5661A93F2260056EE66 /* VectorCalculator.app */,
				BF52C57E1A93F2260056EE66 /* VectorCalculatorTests.xctest */,
			);
			name = Products;
			sourceTree = "<group>";
		};
		BF52C5681A93F2260056EE66 /* VectorCalculator */ = {
			isa = PBXGroup;
			children = (
				BF52C56B1A93F2260056EE66 /* AppDelegate.swift */,
				BF52C5701A93F2260056EE66 /* ViewController.swift */,
				BF52C5991A9431250056EE66 /* Vector.swift */,
				BFB7FAE31A96449E00C3172C /* GraphView.swift */,
				BFB7FAE51A964A6400C3172C /* MyPlayground.playground */,
				BFB7FAE61A964AA000C3172C /* CartesianGraphView.swift */,
				BF52C5721A93F2260056EE66 /* Main.storyboard */,
				BF52C5751A93F2260056EE66 /* Images.xcassets */,
				BF52C5771A93F2260056EE66 /* LaunchScreen.xib */,
				BF52C56D1A93F2260056EE66 /* VectorCalculator.xcdatamodeld */,
				BF52C5691A93F2260056EE66 /* Supporting Files */,
			);
			path = VectorCalculator;
			sourceTree = "<group>";
		};
		BF52C5691A93F2260056EE66 /* Supporting Files */ = {
			isa = PBXGroup;
			children = (
				BF52C56A1A93F2260056EE66 /* Info.plist */,
			);
			name = "Supporting Files";
			sourceTree = "<group>";
		};
		BF52C5811A93F2260056EE66 /* VectorCalculatorTests */ = {
			isa = PBXGroup;
			children = (
				BF52C5841A93F2260056EE66 /* ValidateCoordinatesTest.swift */,
				BF52C5951A9429280056EE66 /* VecorOperationsTest.swift */,
				BF52C5821A93F2260056EE66 /* Supporting Files */,
			);
			path = VectorCalculatorTests;
			sourceTree = "<group>";
		};
		BF52C5821A93F2260056EE66 /* Supporting Files */ = {
			isa = PBXGroup;
			children = (
				BF52C5831A93F2260056EE66 /* Info.plist */,
			);
			name = "Supporting Files";
			sourceTree = "<group>";
		};
/* End PBXGroup section */

/* Begin PBXNativeTarget section */
		BF52C5651A93F2260056EE66 /* VectorCalculator */ = {
			isa = PBXNativeTarget;
			buildConfigurationList = BF52C5881A93F2260056EE66 /* Build configuration list for PBXNativeTarget "VectorCalculator" */;
			buildPhases = (
				BF52C5621A93F2260056EE66 /* Sources */,
				BF52C5631A93F2260056EE66 /* Frameworks */,
				BF52C5641A93F2260056EE66 /* Resources */,
			);
			buildRules = (
			);
			dependencies = (
			);
			name = VectorCalculator;
			productName = VectorCalculator;
			productReference = BF52C5661A93F2260056EE66 /* VectorCalculator.app */;
			productType = "com.apple.product-type.application";
		};
		BF52C57D1A93F2260056EE66 /* VectorCalculatorTests */ = {
			isa = PBXNativeTarget;
			buildConfigurationList = BF52C58B1A93F2260056EE66 /* Build configuration list for PBXNativeTarget "VectorCalculatorTests" */;
			buildPhases = (
				BF52C57A1A93F2260056EE66 /* Sources */,
				BF52C57B1A93F2260056EE66 /* Frameworks */,
				BF52C57C1A93F2260056EE66 /* Resources */,
			);
			buildRules = (
			);
			dependencies = (
				BF52C5801A93F2260056EE66 /* PBXTargetDependency */,
			);
			name = VectorCalculatorTests;
			productName = VectorCalculatorTests;
			productReference = BF52C57E1A93F2260056EE66 /* VectorCalculatorTests.xctest */;
			productType = "com.apple.product-type.bundle.unit-test";
		};
/* End PBXNativeTarget section */

/* Begin PBXProject section */
		BF52C55E1A93F2260056EE66 /* Project object */ = {
			isa = PBXProject;
			attributes = {
				LastUpgradeCheck = 0610;
				ORGANIZATIONNAME = lhsieh;
				TargetAttributes = {
					BF52C5651A93F2260056EE66 = {
						CreatedOnToolsVersion = 6.1.1;
					};
					BF52C57D1A93F2260056EE66 = {
						CreatedOnToolsVersion = 6.1.1;
						TestTargetID = BF52C5651A93F2260056EE66;
					};
				};
			};
			buildConfigurationList = BF52C5611A93F2260056EE66 /* Build configuration list for PBXProject "VectorCalculator" */;
			compatibilityVersion = "Xcode 3.2";
			developmentRegion = English;
			hasScannedForEncodings = 0;
			knownRegions = (
				en,
				Base,
			);
			mainGroup = BF52C55D1A93F2260056EE66;
			productRefGroup = BF52C5671A93F2260056EE66 /* Products */;
			projectDirPath = "";
			projectRoot = "";
			targets = (
				BF52C5651A93F2260056EE66 /* VectorCalculator */,
				BF52C57D1A93F2260056EE66 /* VectorCalculatorTests */,
			);
		};
/* End PBXProject section */

/* Begin PBXResourcesBuildPhase section */
		BF52C5641A93F2260056EE66 /* Resources */ = {
			isa = PBXResourcesBuildPhase;
			buildActionMask = 2147483647;
			files = (
				BF52C5741A93F2260056EE66 /* Main.storyboard in Resources */,
				BF52C5791A93F2260056EE66 /* LaunchScreen.xib in Resources */,
				BF52C5761A93F2260056EE66 /* Images.xcassets in Resources */,
			);
			runOnlyForDeploymentPostprocessing = 0;
		};
		BF52C57C1A93F2260056EE66 /* Resources */ = {
			isa = PBXResourcesBuildPhase;
			buildActionMask = 2147483647;
			files = (
			);
			runOnlyForDeploymentPostprocessing = 0;
		};
/* End PBXResourcesBuildPhase section */

/* Begin PBXSourcesBuildPhase section */
		BF52C5621A93F2260056EE66 /* Sources */ = {
			isa = PBXSourcesBuildPhase;
			buildActionMask = 2147483647;
			files = (
				BFB7FAE41A96449E00C3172C /* GraphView.swift in Sources */,
				BF52C5711A93F2260056EE66 /* ViewController.swift in Sources */,
				BFB7FAE71A964AA000C3172C /* CartesianGraphView.swift in Sources */,
				BF52C56F1A93F2260056EE66 /* VectorCalculator.xcdatamodeld in Sources */,
				BF52C59A1A9431250056EE66 /* Vector.swift in Sources */,
				BF52C56C1A93F2260056EE66 /* AppDelegate.swift in Sources */,
			);
			runOnlyForDeploymentPostprocessing = 0;
		};
		BF52C57A1A93F2260056EE66 /* Sources */ = {
			isa = PBXSourcesBuildPhase;
			buildActionMask = 2147483647;
			files = (
				BF52C5921A94214F0056EE66 /* ValidateCoordinatesTest.swift in Sources */,
				BF52C5961A9429280056EE66 /* VecorOperationsTest.swift in Sources */,
				BF52C59B1A9431510056EE66 /* Vector.swift in Sources */,
				BF52C5911A9418FD0056EE66 /* ViewController.swift in Sources */,
			);
			runOnlyForDeploymentPostprocessing = 0;
		};
/* End PBXSourcesBuildPhase section */

/* Begin PBXTargetDependency section */
		BF52C5801A93F2260056EE66 /* PBXTargetDependency */ = {
			isa = PBXTargetDependency;
			target = BF52C5651A93F2260056EE66 /* VectorCalculator */;
			targetProxy = BF52C57F1A93F2260056EE66 /* PBXContainerItemProxy */;
		};
/* End PBXTargetDependency section */

/* Begin PBXVariantGroup section */
		BF52C5721A93F2260056EE66 /* Main.storyboard */ = {
			isa = PBXVariantGroup;
			children = (
				BF52C5731A93F2260056EE66 /* Base */,
			);
			name = Main.storyboard;
			sourceTree = "<group>";
		};
		BF52C5771A93F2260056EE66 /* LaunchScreen.xib */ = {
			isa = PBXVariantGroup;
			children = (
				BF52C5781A93F2260056EE66 /* Base */,
			);
			name = LaunchScreen.xib;
			sourceTree = "<group>";
		};
/* End PBXVariantGroup section */

/* Begin XCBuildConfiguration section */
		BF52C5861A93F2260056EE66 /* Debug */ = {
			isa = XCBuildConfiguration;
			buildSettings = {
				ALWAYS_SEARCH_USER_PATHS = NO;
				CLANG_CXX_LANGUAGE_STANDARD = "gnu++0x";
				CLANG_CXX_LIBRARY = "libc++";
				CLANG_ENABLE_MODULES = YES;
				CLANG_ENABLE_OBJC_ARC = YES;
				CLANG_WARN_BOOL_CONVERSION = YES;
				CLANG_WARN_CONSTANT_CONVERSION = YES;
				CLANG_WARN_DIRECT_OBJC_ISA_USAGE = YES_ERROR;
				CLANG_WARN_EMPTY_BODY = YES;
				CLANG_WARN_ENUM_CONVERSION = YES;
				CLANG_WARN_INT_CONVERSION = YES;
				CLANG_WARN_OBJC_ROOT_CLASS = YES_ERROR;
				CLANG_WARN_UNREACHABLE_CODE = YES;
				CLANG_WARN__DUPLICATE_METHOD_MATCH = YES;
				"CODE_SIGN_IDENTITY[sdk=iphoneos*]" = "iPhone Developer";
				COPY_PHASE_STRIP = NO;
				ENABLE_STRICT_OBJC_MSGSEND = YES;
				GCC_C_LANGUAGE_STANDARD = gnu99;
				GCC_DYNAMIC_NO_PIC = NO;
				GCC_OPTIMIZATION_LEVEL = 0;
				GCC_PREPROCESSOR_DEFINITIONS = (
					"DEBUG=1",
					"$(inherited)",
				);
				GCC_SYMBOLS_PRIVATE_EXTERN = NO;
				GCC_WARN_64_TO_32_BIT_CONVERSION = YES;
				GCC_WARN_ABOUT_RETURN_TYPE = YES_ERROR;
				GCC_WARN_UNDECLARED_SELECTOR = YES;
				GCC_WARN_UNINITIALIZED_AUTOS = YES_AGGRESSIVE;
				GCC_WARN_UNUSED_FUNCTION = YES;
				GCC_WARN_UNUSED_VARIABLE = YES;
				IPHONEOS_DEPLOYMENT_TARGET = 8.1;
				MTL_ENABLE_DEBUG_INFO = YES;
				ONLY_ACTIVE_ARCH = YES;
				SDKROOT = iphoneos;
				SWIFT_OPTIMIZATION_LEVEL = "-Onone";
			};
			name = Debug;
		};
		BF52C5871A93F2260056EE66 /* Release */ = {
			isa = XCBuildConfiguration;
			buildSettings = {
				ALWAYS_SEARCH_USER_PATHS = NO;
				CLANG_CXX_LANGUAGE_STANDARD = "gnu++0x";
				CLANG_CXX_LIBRARY = "libc++";
				CLANG_ENABLE_MODULES = YES;
				CLANG_ENABLE_OBJC_ARC = YES;
				CLANG_WARN_BOOL_CONVERSION = YES;
				CLANG_WARN_CONSTANT_CONVERSION = YES;
				CLANG_WARN_DIRECT_OBJC_ISA_USAGE = YES_ERROR;
				CLANG_WARN_EMPTY_BODY = YES;
				CLANG_WARN_ENUM_CONVERSION = YES;
				CLANG_WARN_INT_CONVERSION = YES;
				CLANG_WARN_OBJC_ROOT_CLASS = YES_ERROR;
				CLANG_WARN_UNREACHABLE_CODE = YES;
				CLANG_WARN__DUPLICATE_METHOD_MATCH = YES;
				"CODE_SIGN_IDENTITY[sdk=iphoneos*]" = "iPhone Developer";
				COPY_PHASE_STRIP = YES;
				ENABLE_NS_ASSERTIONS = NO;
				ENABLE_STRICT_OBJC_MSGSEND = YES;
				GCC_C_LANGUAGE_STANDARD = gnu99;
				GCC_WARN_64_TO_32_BIT_CONVERSION = YES;
				GCC_WARN_ABOUT_RETURN_TYPE = YES_ERROR;
				GCC_WARN_UNDECLARED_SELECTOR = YES;
				GCC_WARN_UNINITIALIZED_AUTOS = YES_AGGRESSIVE;
				GCC_WARN_UNUSED_FUNCTION = YES;
				GCC_WARN_UNUSED_VARIABLE = YES;
				IPHONEOS_DEPLOYMENT_TARGET = 8.1;
				MTL_ENABLE_DEBUG_INFO = NO;
				SDKROOT = iphoneos;
				VALIDATE_PRODUCT = YES;
			};
			name = Release;
		};
		BF52C5891A93F2260056EE66 /* Debug */ = {
			isa = XCBuildConfiguration;
			buildSettings = {
				ASSETCATALOG_COMPILER_APPICON_NAME = AppIcon;
				INFOPLIST_FILE = VectorCalculator/Info.plist;
				LD_RUNPATH_SEARCH_PATHS = "$(inherited) @executable_path/Frameworks";
				LIBRARY_SEARCH_PATHS = (
					"$(inherited)",
					"$(PROJECT_DIR)",
				);
				PRODUCT_NAME = "$(TARGET_NAME)";
				SWIFT_OBJC_BRIDGING_HEADER = "";
			};
			name = Debug;
		};
		BF52C58A1A93F2260056EE66 /* Release */ = {
			isa = XCBuildConfiguration;
			buildSettings = {
				ASSETCATALOG_COMPILER_APPICON_NAME = AppIcon;
				INFOPLIST_FILE = VectorCalculator/Info.plist;
				LD_RUNPATH_SEARCH_PATHS = "$(inherited) @executable_path/Frameworks";
				LIBRARY_SEARCH_PATHS = (
					"$(inherited)",
					"$(PROJECT_DIR)",
				);
				PRODUCT_NAME = "$(TARGET_NAME)";
				SWIFT_OBJC_BRIDGING_HEADER = "";
			};
			name = Release;
		};
		BF52C58C1A93F2260056EE66 /* Debug */ = {
			isa = XCBuildConfiguration;
			buildSettings = {
				BUNDLE_LOADER = "$(TEST_HOST)";
				FRAMEWORK_SEARCH_PATHS = (
					"$(SDKROOT)/Developer/Library/Frameworks",
					"$(inherited)",
				);
				GCC_PREPROCESSOR_DEFINITIONS = (
					"DEBUG=1",
					"$(inherited)",
				);
				INFOPLIST_FILE = VectorCalculatorTests/Info.plist;
				LD_RUNPATH_SEARCH_PATHS = "$(inherited) @executable_path/Frameworks @loader_path/Frameworks";
				PRODUCT_NAME = "$(TARGET_NAME)";
				TEST_HOST = "$(BUILT_PRODUCTS_DIR)/VectorCalculator.app/VectorCalculator";
			};
			name = Debug;
		};
		BF52C58D1A93F2260056EE66 /* Release */ = {
			isa = XCBuildConfiguration;
			buildSettings = {
				BUNDLE_LOADER = "$(TEST_HOST)";
				FRAMEWORK_SEARCH_PATHS = (
					"$(SDKROOT)/Developer/Library/Frameworks",
					"$(inherited)",
				);
				INFOPLIST_FILE = VectorCalculatorTests/Info.plist;
				LD_RUNPATH_SEARCH_PATHS = "$(inherited) @executable_path/Frameworks @loader_path/Frameworks";
				PRODUCT_NAME = "$(TARGET_NAME)";
				TEST_HOST = "$(BUILT_PRODUCTS_DIR)/VectorCalculator.app/VectorCalculator";
			};
			name = Release;
		};
/* End XCBuildConfiguration section */

/* Begin XCConfigurationList section */
		BF52C5611A93F2260056EE66 /* Build configuration list for PBXProject "VectorCalculator" */ = {
			isa = XCConfigurationList;
			buildConfigurations = (
				BF52C5861A93F2260056EE66 /* Debug */,
				BF52C5871A93F2260056EE66 /* Release */,
			);
			defaultConfigurationIsVisible = 0;
			defaultConfigurationName = Release;
		};
		BF52C5881A93F2260056EE66 /* Build configuration list for PBXNativeTarget "VectorCalculator" */ = {
			isa = XCConfigurationList;
			buildConfigurations = (
				BF52C5891A93F2260056EE66 /* Debug */,
				BF52C58A1A93F2260056EE66 /* Release */,
			);
			defaultConfigurationIsVisible = 0;
			defaultConfigurationName = Release;
		};
		BF52C58B1A93F2260056EE66 /* Build configuration list for PBXNativeTarget "VectorCalculatorTests" */ = {
			isa = XCConfigurationList;
			buildConfigurations = (
				BF52C58C1A93F2260056EE66 /* Debug */,
				BF52C58D1A93F2260056EE66 /* Release */,
			);
			defaultConfigurationIsVisible = 0;
			defaultConfigurationName = Release;
		};
/* End XCConfigurationList section */

/* Begin XCVersionGroup section */
		BF52C56D1A93F2260056EE66 /* VectorCalculator.xcdatamodeld */ = {
			isa = XCVersionGroup;
			children = (
				BF52C56E1A93F2260056EE66 /* VectorCalculator.xcdatamodel */,
			);
			currentVersion = BF52C56E1A93F2260056EE66 /* VectorCalculator.xcdatamodel */;
			path = VectorCalculator.xcdatamodeld;
			sourceTree = "<group>";
			versionGroupType = wrapper.xcdatamodel;
		};
/* End XCVersionGroup section */
	};
	rootObject = BF52C55E1A93F2260056EE66 /* Project object */;
}
